
Microsoft Visual Studio Solution File, Format Version 12.00
Project("{FAE04EC0-301F-11D3-BF4B-00C04F79EFBC}") = "WeerEventsApi", "WeerEventsApi\WeerEventsApi.csproj", "{8B6912D4-7D01-4116-9BAA-CFA76E93446D}"
EndProject
Global
	GlobalSection(SolutionConfigurationPlatforms) = preSolution
		Debug|Any CPU = Debug|Any CPU
		Release|Any CPU = Release|Any CPU
	EndGlobalSection
	GlobalSection(ProjectConfigurationPlatforms) = postSolution
		{8B6912D4-7D01-4116-9BAA-CFA76E93446D}.Debug|Any CPU.ActiveCfg = Debug|Any CPU
		{8B6912D4-7D01-4116-9BAA-CFA76E93446D}.Debug|Any CPU.Build.0 = Debug|Any CPU
		{8B6912D4-7D01-4116-9BAA-CFA76E93446D}.Release|Any CPU.ActiveCfg = Release|Any CPU
		{8B6912D4-7D01-4116-9BAA-CFA76E93446D}.Release|Any CPU.Build.0 = Release|Any CPU
	EndGlobalSection
EndGlobal
